
Microsoft Visual Studio Solution File, Format Version 12.00
# Visual Studio Version 16
VisualStudioVersion = 16.0.29201.188
MinimumVisualStudioVersion = 10.0.40219.1
Project("{9A19103F-16F7-4668-BE54-9A1E7A4F7556}") = "CarStore", "CarStore\CarStore.csproj", "{251794F5-D794-4EBD-ADD4-575EE2330A81}"
EndProject
Project("{9A19103F-16F7-4668-BE54-9A1E7A4F7556}") = "CarStore.Test", "CarStore.Test\CarStore.Test.csproj", "{FB7A4B78-6903-4E55-A407-804453E38E1A}"
EndProject
Global
	GlobalSection(SolutionConfigurationPlatforms) = preSolution
		Debug|Any CPU = Debug|Any CPU
		Release|Any CPU = Release|Any CPU
	EndGlobalSection
	GlobalSection(ProjectConfigurationPlatforms) = postSolution
		{251794F5-D794-4EBD-ADD4-575EE2330A81}.Debug|Any CPU.ActiveCfg = Debug|Any CPU
		{251794F5-D794-4EBD-ADD4-575EE2330A81}.Debug|Any CPU.Build.0 = Debug|Any CPU
		{251794F5-D794-4EBD-ADD4-575EE2330A81}.Release|Any CPU.ActiveCfg = Release|Any CPU
		{251794F5-D794-4EBD-ADD4-575EE2330A81}.Release|Any CPU.Build.0 = Release|Any CPU
		{FB7A4B78-6903-4E55-A407-804453E38E1A}.Debug|Any CPU.ActiveCfg = Debug|Any CPU
		{FB7A4B78-6903-4E55-A407-804453E38E1A}.Debug|Any CPU.Build.0 = Debug|Any CPU
		{FB7A4B78-6903-4E55-A407-804453E38E1A}.Release|Any CPU.ActiveCfg = Release|Any CPU
		{FB7A4B78-6903-4E55-A407-804453E38E1A}.Release|Any CPU.Build.0 = Release|Any CPU
	EndGlobalSection
	GlobalSection(SolutionProperties) = preSolution
		HideSolutionNode = FALSE
	EndGlobalSection
	GlobalSection(ExtensibilityGlobals) = postSolution
		SolutionGuid = {483303DD-E042-4194-8383-D372C35BCDFA}
	EndGlobalSection
EndGlobal
